
Microsoft Visual Studio Solution File, Format Version 12.00
# Visual Studio Version 17
VisualStudioVersion = 17.0.32014.148
MinimumVisualStudioVersion = 10.0.40219.1
Project("{FAE04EC0-301F-11D3-BF4B-00C04F79EFBC}") = "Laskin", "Laskin.csproj", "{DCD782F9-66D4-4B17-A0A3-DE29DE3E427F}"
EndProject
Global
	GlobalSection(SolutionConfigurationPlatforms) = preSolution
		Debug|Any CPU = Debug|Any CPU
		Release|Any CPU = Release|Any CPU
	EndGlobalSection
	GlobalSection(ProjectConfigurationPlatforms) = postSolution
		{DCD782F9-66D4-4B17-A0A3-DE29DE3E427F}.Debug|Any CPU.ActiveCfg = Debug|Any CPU
		{DCD782F9-66D4-4B17-A0A3-DE29DE3E427F}.Debug|Any CPU.Build.0 = Debug|Any CPU
		{DCD782F9-66D4-4B17-A0A3-DE29DE3E427F}.Release|Any CPU.ActiveCfg = Release|Any CPU
		{DCD782F9-66D4-4B17-A0A3-DE29DE3E427F}.Release|Any CPU.Build.0 = Release|Any CPU
	EndGlobalSection
	GlobalSection(SolutionProperties) = preSolution
		HideSolutionNode = FALSE
	EndGlobalSection
	GlobalSection(ExtensibilityGlobals) = postSolution
		SolutionGuid = {934FE06A-3C1E-4C50-AD85-DD8674104CA6}
	EndGlobalSection
EndGlobal
